
Microsoft Visual Studio Solution File, Format Version 12.00
# Visual Studio Version 17
VisualStudioVersion = 17.0.31903.59
MinimumVisualStudioVersion = 10.0.40219.1
Project("{2150E333-8FDC-42A3-9474-1A3956D46DE8}") = "src", "src", "{827E0CD3-B72D-47B6-A68D-7590B98EB39B}"
EndProject
Project("{FAE04EC0-301F-11D3-BF4B-00C04F79EFBC}") = "GoldenTicket.Domain", "src\GoldenTicket.Domain\GoldenTicket.Domain.csproj", "{393DBC9E-6AA4-4A7F-97DA-71D4EFE5BE47}"
EndProject
Project("{FAE04EC0-301F-11D3-BF4B-00C04F79EFBC}") = "GoldenTicket.Application", "src\GoldenTicket.Application\GoldenTicket.Application.csproj", "{857C81AF-4DE8-43BD-93AD-4F23AE3E6FB8}"
EndProject
Project("{FAE04EC0-301F-11D3-BF4B-00C04F79EFBC}") = "GoldenTicket.AI", "src\GoldenTicket.AI\GoldenTicket.AI.csproj", "{79DF4AF5-551E-4B65-9416-B4021D6A1939}"
EndProject
Project("{FAE04EC0-301F-11D3-BF4B-00C04F79EFBC}") = "GoldenTicket.Persistence", "src\GoldenTicket.Persistence\GoldenTicket.Persistence.csproj", "{44F26CE2-7572-4278-8FDD-3D1E2F51B80B}"
EndProject
Project("{FAE04EC0-301F-11D3-BF4B-00C04F79EFBC}") = "GoldenTicket.Desktop", "src\GoldenTicket.Desktop\GoldenTicket.Desktop.csproj", "{E6B9A464-A73C-42FE-A566-74EF5FDAABD0}"
EndProject
Project("{2150E333-8FDC-42A3-9474-1A3956D46DE8}") = "tools", "tools", "{07C2787E-EAC7-C090-1BA3-A61EC2A24D84}"
EndProject
Project("{FAE04EC0-301F-11D3-BF4B-00C04F79EFBC}") = "GoldenTicket.Simulator", "tools\GoldenTicket.Simulator\GoldenTicket.Simulator.csproj", "{D17B2E6C-FCEB-4BA7-B9C2-E98D548595A7}"
EndProject
Project("{2150E333-8FDC-42A3-9474-1A3956D46DE8}") = "tests", "tests", "{0AB3BF05-4346-4AA6-1389-037BE0695223}"
EndProject
Project("{FAE04EC0-301F-11D3-BF4B-00C04F79EFBC}") = "GoldenTicket.Domain.Tests", "tests\GoldenTicket.Domain.Tests\GoldenTicket.Domain.Tests.csproj", "{A2AE7BFC-7FDE-4120-BCD1-C9438C359B9A}"
EndProject
Project("{FAE04EC0-301F-11D3-BF4B-00C04F79EFBC}") = "GoldenTicket.Vision", "src\GoldenTicket.Vision\GoldenTicket.Vision.csproj", "{07B99793-3963-4D21-BE62-28DB2C197776}"
EndProject
Project("{FAE04EC0-301F-11D3-BF4B-00C04F79EFBC}") = "GoldenTicket.CompanionHost", "src\GoldenTicket.CompanionHost\GoldenTicket.CompanionHost.csproj", "{0E5981DF-4C4D-4FDF-95D3-4424405C529D}"
EndProject
Project("{FAE04EC0-301F-11D3-BF4B-00C04F79EFBC}") = "GoldenTicket.UiSmoke", "tools\GoldenTicket.UiSmoke\GoldenTicket.UiSmoke.csproj", "{5D112F94-36FD-443F-8ED8-33BABDFCDB8C}"
EndProject
Project("{FAE04EC0-301F-11D3-BF4B-00C04F79EFBC}") = "GoldenTicket.VisionCheck", "tools\GoldenTicket.VisionCheck\GoldenTicket.VisionCheck.csproj", "{A497BC86-3CC2-47CA-80CB-797BF96914DD}"
EndProject
Project("{FAE04EC0-301F-11D3-BF4B-00C04F79EFBC}") = "GoldenTicket.CameraDiagnostics", "tools\GoldenTicket.CameraDiagnostics\GoldenTicket.CameraDiagnostics.csproj", "{A9534207-47AF-48E2-88D7-4D2842026190}"
EndProject
Project("{FAE04EC0-301F-11D3-BF4B-00C04F79EFBC}") = "GoldenTicket.PieceDetectionSmoke", "tools\GoldenTicket.PieceDetectionSmoke\GoldenTicket.PieceDetectionSmoke.csproj", "{997FB094-D9D8-462E-B21A-C5ED676C7238}"
EndProject
Project("{FAE04EC0-301F-11D3-BF4B-00C04F79EFBC}") = "GoldenTicket.MlPieceSmoke", "tools\GoldenTicket.MlPieceSmoke\GoldenTicket.MlPieceSmoke.csproj", "{6AB3CAB3-E672-47F3-8B8E-AB7D8249F495}"
EndProject
Project("{FAE04EC0-301F-11D3-BF4B-00C04F79EFBC}") = "GoldenTicket.Core.Tests", "tests\GoldenTicket.Core.Tests\GoldenTicket.Core.Tests.csproj", "{3C78C714-BDE6-4A2B-9165-39CD29C693D3}"
EndProject
Global
	GlobalSection(SolutionConfigurationPlatforms) = preSolution
		Debug|Any CPU = Debug|Any CPU
		Debug|x64 = Debug|x64
		Debug|x86 = Debug|x86
		Release|Any CPU = Release|Any CPU
		Release|x64 = Release|x64
		Release|x86 = Release|x86
	EndGlobalSection
	GlobalSection(ProjectConfigurationPlatforms) = postSolution
		{3C78C714-BDE6-4A2B-9165-39CD29C693D3}.Debug|Any CPU.ActiveCfg = Debug|Any CPU
		{3C78C714-BDE6-4A2B-9165-39CD29C693D3}.Debug|Any CPU.Build.0 = Debug|Any CPU
		{3C78C714-BDE6-4A2B-9165-39CD29C693D3}.Debug|x64.ActiveCfg = Debug|Any CPU
		{3C78C714-BDE6-4A2B-9165-39CD29C693D3}.Debug|x64.Build.0 = Debug|Any CPU
		{3C78C714-BDE6-4A2B-9165-39CD29C693D3}.Debug|x86.ActiveCfg = Debug|Any CPU
		{3C78C714-BDE6-4A2B-9165-39CD29C693D3}.Debug|x86.Build.0 = Debug|Any CPU
		{3C78C714-BDE6-4A2B-9165-39CD29C693D3}.Release|Any CPU.ActiveCfg = Release|Any CPU
		{3C78C714-BDE6-4A2B-9165-39CD29C693D3}.Release|Any CPU.Build.0 = Release|Any CPU
		{3C78C714-BDE6-4A2B-9165-39CD29C693D3}.Release|x64.ActiveCfg = Release|Any CPU
		{3C78C714-BDE6-4A2B-9165-39CD29C693D3}.Release|x64.Build.0 = Release|Any CPU
		{3C78C714-BDE6-4A2B-9165-39CD29C693D3}.Release|x86.ActiveCfg = Release|Any CPU
		{3C78C714-BDE6-4A2B-9165-39CD29C693D3}.Release|x86.Build.0 = Release|Any CPU
		{393DBC9E-6AA4-4A7F-97DA-71D4EFE5BE47}.Debug|Any CPU.ActiveCfg = Debug|Any CPU
		{393DBC9E-6AA4-4A7F-97DA-71D4EFE5BE47}.Debug|Any CPU.Build.0 = Debug|Any CPU
		{393DBC9E-6AA4-4A7F-97DA-71D4EFE5BE47}.Debug|x64.ActiveCfg = Debug|Any CPU
		{393DBC9E-6AA4-4A7F-97DA-71D4EFE5BE47}.Debug|x64.Build.0 = Debug|Any CPU
		{393DBC9E-6AA4-4A7F-97DA-71D4EFE5BE47}.Debug|x86.ActiveCfg = Debug|Any CPU
		{393DBC9E-6AA4-4A7F-97DA-71D4EFE5BE47}.Debug|x86.Build.0 = Debug|Any CPU
		{393DBC9E-6AA4-4A7F-97DA-71D4EFE5BE47}.Release|Any CPU.ActiveCfg = Release|Any CPU
		{393DBC9E-6AA4-4A7F-97DA-71D4EFE5BE47}.Release|Any CPU.Build.0 = Release|Any CPU
		{393DBC9E-6AA4-4A7F-97DA-71D4EFE5BE47}.Release|x64.ActiveCfg = Release|Any CPU
		{393DBC9E-6AA4-4A7F-97DA-71D4EFE5BE47}.Release|x64.Build.0 = Release|Any CPU
		{393DBC9E-6AA4-4A7F-97DA-71D4EFE5BE47}.Release|x86.ActiveCfg = Release|Any CPU
		{393DBC9E-6AA4-4A7F-97DA-71D4EFE5BE47}.Release|x86.Build.0 = Release|Any CPU
		{857C81AF-4DE8-43BD-93AD-4F23AE3E6FB8}.Debug|Any CPU.ActiveCfg = Debug|Any CPU
		{857C81AF-4DE8-43BD-93AD-4F23AE3E6FB8}.Debug|Any CPU.Build.0 = Debug|Any CPU
		{857C81AF-4DE8-43BD-93AD-4F23AE3E6FB8}.Debug|x64.ActiveCfg = Debug|Any CPU
		{857C81AF-4DE8-43BD-93AD-4F23AE3E6FB8}.Debug|x64.Build.0 = Debug|Any CPU
		{857C81AF-4DE8-43BD-93AD-4F23AE3E6FB8}.Debug|x86.ActiveCfg = Debug|Any CPU
		{857C81AF-4DE8-43BD-93AD-4F23AE3E6FB8}.Debug|x86.Build.0 = Debug|Any CPU
		{857C81AF-4DE8-43BD-93AD-4F23AE3E6FB8}.Release|Any CPU.ActiveCfg = Release|Any CPU
		{857C81AF-4DE8-43BD-93AD-4F23AE3E6FB8}.Release|Any CPU.Build.0 = Release|Any CPU
		{857C81AF-4DE8-43BD-93AD-4F23AE3E6FB8}.Release|x64.ActiveCfg = Release|Any CPU
		{857C81AF-4DE8-43BD-93AD-4F23AE3E6FB8}.Release|x64.Build.0 = Release|Any CPU
		{857C81AF-4DE8-43BD-93AD-4F23AE3E6FB8}.Release|x86.ActiveCfg = Release|Any CPU
		{857C81AF-4DE8-43BD-93AD-4F23AE3E6FB8}.Release|x86.Build.0 = Release|Any CPU
		{79DF4AF5-551E-4B65-9416-B4021D6A1939}.Debug|Any CPU.ActiveCfg = Debug|Any CPU
		{79DF4AF5-551E-4B65-9416-B4021D6A1939}.Debug|Any CPU.Build.0 = Debug|Any CPU
		{79DF4AF5-551E-4B65-9416-B4021D6A1939}.Debug|x64.ActiveCfg = Debug|Any CPU
		{79DF4AF5-551E-4B65-9416-B4021D6A1939}.Debug|x64.Build.0 = Debug|Any CPU
		{79DF4AF5-551E-4B65-9416-B4021D6A1939}.Debug|x86.ActiveCfg = Debug|Any CPU
		{79DF4AF5-551E-4B65-9416-B4021D6A1939}.Debug|x86.Build.0 = Debug|Any CPU
		{79DF4AF5-551E-4B65-9416-B4021D6A1939}.Release|Any CPU.ActiveCfg = Release|Any CPU
		{79DF4AF5-551E-4B65-9416-B4021D6A1939}.Release|Any CPU.Build.0 = Release|Any CPU
		{79DF4AF5-551E-4B65-9416-B4021D6A1939}.Release|x64.ActiveCfg = Release|Any CPU
		{79DF4AF5-551E-4B65-9416-B4021D6A1939}.Release|x64.Build.0 = Release|Any CPU
		{79DF4AF5-551E-4B65-9416-B4021D6A1939}.Release|x86.ActiveCfg = Release|Any CPU
		{79DF4AF5-551E-4B65-9416-B4021D6A1939}.Release|x86.Build.0 = Release|Any CPU
		{44F26CE2-7572-4278-8FDD-3D1E2F51B80B}.Debug|Any CPU.ActiveCfg = Debug|Any CPU
		{44F26CE2-7572-4278-8FDD-3D1E2F51B80B}.Debug|Any CPU.Build.0 = Debug|Any CPU
		{44F26CE2-7572-4278-8FDD-3D1E2F51B80B}.Debug|x64.ActiveCfg = Debug|Any CPU
		{44F26CE2-7572-4278-8FDD-3D1E2F51B80B}.Debug|x64.Build.0 = Debug|Any CPU
		{44F26CE2-7572-4278-8FDD-3D1E2F51B80B}.Debug|x86.ActiveCfg = Debug|Any CPU
		{44F26CE2-7572-4278-8FDD-3D1E2F51B80B}.Debug|x86.Build.0 = Debug|Any CPU
		{44F26CE2-7572-4278-8FDD-3D1E2F51B80B}.Release|Any CPU.ActiveCfg = Release|Any CPU
		{44F26CE2-7572-4278-8FDD-3D1E2F51B80B}.Release|Any CPU.Build.0 = Release|Any CPU
		{44F26CE2-7572-4278-8FDD-3D1E2F51B80B}.Release|x64.ActiveCfg = Release|Any CPU
		{44F26CE2-7572-4278-8FDD-3D1E2F51B80B}.Release|x64.Build.0 = Release|Any CPU
		{44F26CE2-7572-4278-8FDD-3D1E2F51B80B}.Release|x86.ActiveCfg = Release|Any CPU
		{44F26CE2-7572-4278-8FDD-3D1E2F51B80B}.Release|x86.Build.0 = Release|Any CPU
		{E6B9A464-A73C-42FE-A566-74EF5FDAABD0}.Debug|Any CPU.ActiveCfg = Debug|Any CPU
		{E6B9A464-A73C-42FE-A566-74EF5FDAABD0}.Debug|Any CPU.Build.0 = Debug|Any CPU
		{E6B9A464-A73C-42FE-A566-74EF5FDAABD0}.Debug|x64.ActiveCfg = Debug|Any CPU
		{E6B9A464-A73C-42FE-A566-74EF5FDAABD0}.Debug|x64.Build.0 = Debug|Any CPU
		{E6B9A464-A73C-42FE-A566-74EF5FDAABD0}.Debug|x86.ActiveCfg = Debug|Any CPU
		{E6B9A464-A73C-42FE-A566-74EF5FDAABD0}.Debug|x86.Build.0 = Debug|Any CPU
		{E6B9A464-A73C-42FE-A566-74EF5FDAABD0}.Release|Any CPU.ActiveCfg = Release|Any CPU
		{E6B9A464-A73C-42FE-A566-74EF5FDAABD0}.Release|Any CPU.Build.0 = Release|Any CPU
		{E6B9A464-A73C-42FE-A566-74EF5FDAABD0}.Release|x64.ActiveCfg = Release|Any CPU
		{E6B9A464-A73C-42FE-A566-74EF5FDAABD0}.Release|x64.Build.0 = Release|Any CPU
		{E6B9A464-A73C-42FE-A566-74EF5FDAABD0}.Release|x86.ActiveCfg = Release|Any CPU
		{E6B9A464-A73C-42FE-A566-74EF5FDAABD0}.Release|x86.Build.0 = Release|Any CPU
		{D17B2E6C-FCEB-4BA7-B9C2-E98D548595A7}.Debug|Any CPU.ActiveCfg = Debug|Any CPU
		{D17B2E6C-FCEB-4BA7-B9C2-E98D548595A7}.Debug|Any CPU.Build.0 = Debug|Any CPU
		{D17B2E6C-FCEB-4BA7-B9C2-E98D548595A7}.Debug|x64.ActiveCfg = Debug|Any CPU
		{D17B2E6C-FCEB-4BA7-B9C2-E98D548595A7}.Debug|x64.Build.0 = Debug|Any CPU
		{D17B2E6C-FCEB-4BA7-B9C2-E98D548595A7}.Debug|x86.ActiveCfg = Debug|Any CPU
		{D17B2E6C-FCEB-4BA7-B9C2-E98D548595A7}.Debug|x86.Build.0 = Debug|Any CPU
		{D17B2E6C-FCEB-4BA7-B9C2-E98D548595A7}.Release|Any CPU.ActiveCfg = Release|Any CPU
		{D17B2E6C-FCEB-4BA7-B9C2-E98D548595A7}.Release|Any CPU.Build.0 = Release|Any CPU
		{D17B2E6C-FCEB-4BA7-B9C2-E98D548595A7}.Release|x64.ActiveCfg = Release|Any CPU
		{D17B2E6C-FCEB-4BA7-B9C2-E98D548595A7}.Release|x64.Build.0 = Release|Any CPU
		{D17B2E6C-FCEB-4BA7-B9C2-E98D548595A7}.Release|x86.ActiveCfg = Release|Any CPU
		{D17B2E6C-FCEB-4BA7-B9C2-E98D548595A7}.Release|x86.Build.0 = Release|Any CPU
		{A2AE7BFC-7FDE-4120-BCD1-C9438C359B9A}.Debug|Any CPU.ActiveCfg = Debug|Any CPU
		{A2AE7BFC-7FDE-4120-BCD1-C9438C359B9A}.Debug|Any CPU.Build.0 = Debug|Any CPU
		{A2AE7BFC-7FDE-4120-BCD1-C9438C359B9A}.Debug|x64.ActiveCfg = Debug|Any CPU
		{A2AE7BFC-7FDE-4120-BCD1-C9438C359B9A}.Debug|x64.Build.0 = Debug|Any CPU
		{A2AE7BFC-7FDE-4120-BCD1-C9438C359B9A}.Debug|x86.ActiveCfg = Debug|Any CPU
		{A2AE7BFC-7FDE-4120-BCD1-C9438C359B9A}.Debug|x86.Build.0 = Debug|Any CPU
		{A2AE7BFC-7FDE-4120-BCD1-C9438C359B9A}.Release|Any CPU.ActiveCfg = Release|Any CPU
		{A2AE7BFC-7FDE-4120-BCD1-C9438C359B9A}.Release|Any CPU.Build.0 = Release|Any CPU
		{A2AE7BFC-7FDE-4120-BCD1-C9438C359B9A}.Release|x64.ActiveCfg = Release|Any CPU
		{A2AE7BFC-7FDE-4120-BCD1-C9438C359B9A}.Release|x64.Build.0 = Release|Any CPU
		{A2AE7BFC-7FDE-4120-BCD1-C9438C359B9A}.Release|x86.ActiveCfg = Release|Any CPU
		{A2AE7BFC-7FDE-4120-BCD1-C9438C359B9A}.Release|x86.Build.0 = Release|Any CPU
		{07B99793-3963-4D21-BE62-28DB2C197776}.Debug|Any CPU.ActiveCfg = Debug|Any CPU
		{07B99793-3963-4D21-BE62-28DB2C197776}.Debug|Any CPU.Build.0 = Debug|Any CPU
		{07B99793-3963-4D21-BE62-28DB2C197776}.Debug|x64.ActiveCfg = Debug|Any CPU
		{07B99793-3963-4D21-BE62-28DB2C197776}.Debug|x64.Build.0 = Debug|Any CPU
		{07B99793-3963-4D21-BE62-28DB2C197776}.Debug|x86.ActiveCfg = Debug|Any CPU
		{07B99793-3963-4D21-BE62-28DB2C197776}.Debug|x86.Build.0 = Debug|Any CPU
		{07B99793-3963-4D21-BE62-28DB2C197776}.Release|Any CPU.ActiveCfg = Release|Any CPU
		{07B99793-3963-4D21-BE62-28DB2C197776}.Release|Any CPU.Build.0 = Release|Any CPU
		{07B99793-3963-4D21-BE62-28DB2C197776}.Release|x64.ActiveCfg = Release|Any CPU
		{07B99793-3963-4D21-BE62-28DB2C197776}.Release|x64.Build.0 = Release|Any CPU
		{07B99793-3963-4D21-BE62-28DB2C197776}.Release|x86.ActiveCfg = Release|Any CPU
		{07B99793-3963-4D21-BE62-28DB2C197776}.Release|x86.Build.0 = Release|Any CPU
		{0E5981DF-4C4D-4FDF-95D3-4424405C529D}.Debug|Any CPU.ActiveCfg = Debug|Any CPU
		{0E5981DF-4C4D-4FDF-95D3-4424405C529D}.Debug|Any CPU.Build.0 = Debug|Any CPU
		{0E5981DF-4C4D-4FDF-95D3-4424405C529D}.Debug|x64.ActiveCfg = Debug|Any CPU
		{0E5981DF-4C4D-4FDF-95D3-4424405C529D}.Debug|x64.Build.0 = Debug|Any CPU
		{0E5981DF-4C4D-4FDF-95D3-4424405C529D}.Debug|x86.ActiveCfg = Debug|Any CPU
		{0E5981DF-4C4D-4FDF-95D3-4424405C529D}.Debug|x86.Build.0 = Debug|Any CPU
		{0E5981DF-4C4D-4FDF-95D3-4424405C529D}.Release|Any CPU.ActiveCfg = Release|Any CPU
		{0E5981DF-4C4D-4FDF-95D3-4424405C529D}.Release|Any CPU.Build.0 = Release|Any CPU
		{0E5981DF-4C4D-4FDF-95D3-4424405C529D}.Release|x64.ActiveCfg = Release|Any CPU
		{0E5981DF-4C4D-4FDF-95D3-4424405C529D}.Release|x64.Build.0 = Release|Any CPU
		{0E5981DF-4C4D-4FDF-95D3-4424405C529D}.Release|x86.ActiveCfg = Release|Any CPU
		{0E5981DF-4C4D-4FDF-95D3-4424405C529D}.Release|x86.Build.0 = Release|Any CPU
		{5D112F94-36FD-443F-8ED8-33BABDFCDB8C}.Debug|Any CPU.ActiveCfg = Debug|Any CPU
		{5D112F94-36FD-443F-8ED8-33BABDFCDB8C}.Debug|Any CPU.Build.0 = Debug|Any CPU
		{5D112F94-36FD-443F-8ED8-33BABDFCDB8C}.Debug|x64.ActiveCfg = Debug|Any CPU
		{5D112F94-36FD-443F-8ED8-33BABDFCDB8C}.Debug|x64.Build.0 = Debug|Any CPU
		{5D112F94-36FD-443F-8ED8-33BABDFCDB8C}.Debug|x86.ActiveCfg = Debug|Any CPU
		{5D112F94-36FD-443F-8ED8-33BABDFCDB8C}.Debug|x86.Build.0 = Debug|Any CPU
		{5D112F94-36FD-443F-8ED8-33BABDFCDB8C}.Release|Any CPU.ActiveCfg = Release|Any CPU
		{5D112F94-36FD-443F-8ED8-33BABDFCDB8C}.Release|Any CPU.Build.0 = Release|Any CPU
		{5D112F94-36FD-443F-8ED8-33BABDFCDB8C}.Release|x64.ActiveCfg = Release|Any CPU
		{5D112F94-36FD-443F-8ED8-33BABDFCDB8C}.Release|x64.Build.0 = Release|Any CPU
		{5D112F94-36FD-443F-8ED8-33BABDFCDB8C}.Release|x86.ActiveCfg = Release|Any CPU
		{5D112F94-36FD-443F-8ED8-33BABDFCDB8C}.Release|x86.Build.0 = Release|Any CPU
		{A497BC86-3CC2-47CA-80CB-797BF96914DD}.Debug|Any CPU.ActiveCfg = Debug|Any CPU
		{A497BC86-3CC2-47CA-80CB-797BF96914DD}.Debug|Any CPU.Build.0 = Debug|Any CPU
		{A497BC86-3CC2-47CA-80CB-797BF96914DD}.Debug|x64.ActiveCfg = Debug|Any CPU
		{A497BC86-3CC2-47CA-80CB-797BF96914DD}.Debug|x64.Build.0 = Debug|Any CPU
		{A497BC86-3CC2-47CA-80CB-797BF96914DD}.Debug|x86.ActiveCfg = Debug|Any CPU
		{A497BC86-3CC2-47CA-80CB-797BF96914DD}.Debug|x86.Build.0 = Debug|Any CPU
		{A497BC86-3CC2-47CA-80CB-797BF96914DD}.Release|Any CPU.ActiveCfg = Release|Any CPU
		{A497BC86-3CC2-47CA-80CB-797BF96914DD}.Release|Any CPU.Build.0 = Release|Any CPU
		{A497BC86-3CC2-47CA-80CB-797BF96914DD}.Release|x64.ActiveCfg = Release|Any CPU
		{A497BC86-3CC2-47CA-80CB-797BF96914DD}.Release|x64.Build.0 = Release|Any CPU
		{A497BC86-3CC2-47CA-80CB-797BF96914DD}.Release|x86.ActiveCfg = Release|Any CPU
		{A497BC86-3CC2-47CA-80CB-797BF96914DD}.Release|x86.Build.0 = Release|Any CPU
		{A9534207-47AF-48E2-88D7-4D2842026190}.Debug|Any CPU.ActiveCfg = Debug|Any CPU
		{A9534207-47AF-48E2-88D7-4D2842026190}.Debug|Any CPU.Build.0 = Debug|Any CPU
		{A9534207-47AF-48E2-88D7-4D2842026190}.Debug|x64.ActiveCfg = Debug|Any CPU
		{A9534207-47AF-48E2-88D7-4D2842026190}.Debug|x64.Build.0 = Debug|Any CPU
		{A9534207-47AF-48E2-88D7-4D2842026190}.Debug|x86.ActiveCfg = Debug|Any CPU
		{A9534207-47AF-48E2-88D7-4D2842026190}.Debug|x86.Build.0 = Debug|Any CPU
		{A9534207-47AF-48E2-88D7-4D2842026190}.Release|Any CPU.ActiveCfg = Release|Any CPU
		{A9534207-47AF-48E2-88D7-4D2842026190}.Release|Any CPU.Build.0 = Release|Any CPU
		{A9534207-47AF-48E2-88D7-4D2842026190}.Release|x64.ActiveCfg = Release|Any CPU
		{A9534207-47AF-48E2-88D7-4D2842026190}.Release|x64.Build.0 = Release|Any CPU
		{A9534207-47AF-48E2-88D7-4D2842026190}.Release|x86.ActiveCfg = Release|Any CPU
		{A9534207-47AF-48E2-88D7-4D2842026190}.Release|x86.Build.0 = Release|Any CPU
		{997FB094-D9D8-462E-B21A-C5ED676C7238}.Debug|Any CPU.ActiveCfg = Debug|Any CPU
		{997FB094-D9D8-462E-B21A-C5ED676C7238}.Debug|Any CPU.Build.0 = Debug|Any CPU
		{997FB094-D9D8-462E-B21A-C5ED676C7238}.Debug|x64.ActiveCfg = Debug|Any CPU
		{997FB094-D9D8-462E-B21A-C5ED676C7238}.Debug|x64.Build.0 = Debug|Any CPU
		{997FB094-D9D8-462E-B21A-C5ED676C7238}.Debug|x86.ActiveCfg = Debug|Any CPU
		{997FB094-D9D8-462E-B21A-C5ED676C7238}.Debug|x86.Build.0 = Debug|Any CPU
		{997FB094-D9D8-462E-B21A-C5ED676C7238}.Release|Any CPU.ActiveCfg = Release|Any CPU
		{997FB094-D9D8-462E-B21A-C5ED676C7238}.Release|Any CPU.Build.0 = Release|Any CPU
		{997FB094-D9D8-462E-B21A-C5ED676C7238}.Release|x64.ActiveCfg = Release|Any CPU
		{997FB094-D9D8-462E-B21A-C5ED676C7238}.Release|x64.Build.0 = Release|Any CPU
		{997FB094-D9D8-462E-B21A-C5ED676C7238}.Release|x86.ActiveCfg = Release|Any CPU
		{997FB094-D9D8-462E-B21A-C5ED676C7238}.Release|x86.Build.0 = Release|Any CPU
		{6AB3CAB3-E672-47F3-8B8E-AB7D8249F495}.Debug|Any CPU.ActiveCfg = Debug|Any CPU
		{6AB3CAB3-E672-47F3-8B8E-AB7D8249F495}.Debug|Any CPU.Build.0 = Debug|Any CPU
		{6AB3CAB3-E672-47F3-8B8E-AB7D8249F495}.Debug|x64.ActiveCfg = Debug|Any CPU
		{6AB3CAB3-E672-47F3-8B8E-AB7D8249F495}.Debug|x64.Build.0 = Debug|Any CPU
		{6AB3CAB3-E672-47F3-8B8E-AB7D8249F495}.Debug|x86.ActiveCfg = Debug|Any CPU
		{6AB3CAB3-E672-47F3-8B8E-AB7D8249F495}.Debug|x86.Build.0 = Debug|Any CPU
		{6AB3CAB3-E672-47F3-8B8E-AB7D8249F495}.Release|Any CPU.ActiveCfg = Release|Any CPU
		{6AB3CAB3-E672-47F3-8B8E-AB7D8249F495}.Release|Any CPU.Build.0 = Release|Any CPU
		{6AB3CAB3-E672-47F3-8B8E-AB7D8249F495}.Release|x64.ActiveCfg = Release|Any CPU
		{6AB3CAB3-E672-47F3-8B8E-AB7D8249F495}.Release|x64.Build.0 = Release|Any CPU
		{6AB3CAB3-E672-47F3-8B8E-AB7D8249F495}.Release|x86.ActiveCfg = Release|Any CPU
		{6AB3CAB3-E672-47F3-8B8E-AB7D8249F495}.Release|x86.Build.0 = Release|Any CPU
	EndGlobalSection
	GlobalSection(SolutionProperties) = preSolution
		HideSolutionNode = FALSE
	EndGlobalSection
	GlobalSection(NestedProjects) = preSolution
		{3C78C714-BDE6-4A2B-9165-39CD29C693D3} = {0AB3BF05-4346-4AA6-1389-037BE0695223}
		{393DBC9E-6AA4-4A7F-97DA-71D4EFE5BE47} = {827E0CD3-B72D-47B6-A68D-7590B98EB39B}
		{857C81AF-4DE8-43BD-93AD-4F23AE3E6FB8} = {827E0CD3-B72D-47B6-A68D-7590B98EB39B}
		{79DF4AF5-551E-4B65-9416-B4021D6A1939} = {827E0CD3-B72D-47B6-A68D-7590B98EB39B}
		{44F26CE2-7572-4278-8FDD-3D1E2F51B80B} = {827E0CD3-B72D-47B6-A68D-7590B98EB39B}
		{E6B9A464-A73C-42FE-A566-74EF5FDAABD0} = {827E0CD3-B72D-47B6-A68D-7590B98EB39B}
		{D17B2E6C-FCEB-4BA7-B9C2-E98D548595A7} = {07C2787E-EAC7-C090-1BA3-A61EC2A24D84}
		{A2AE7BFC-7FDE-4120-BCD1-C9438C359B9A} = {0AB3BF05-4346-4AA6-1389-037BE0695223}
		{07B99793-3963-4D21-BE62-28DB2C197776} = {827E0CD3-B72D-47B6-A68D-7590B98EB39B}
		{0E5981DF-4C4D-4FDF-95D3-4424405C529D} = {827E0CD3-B72D-47B6-A68D-7590B98EB39B}
		{5D112F94-36FD-443F-8ED8-33BABDFCDB8C} = {07C2787E-EAC7-C090-1BA3-A61EC2A24D84}
		{A497BC86-3CC2-47CA-80CB-797BF96914DD} = {07C2787E-EAC7-C090-1BA3-A61EC2A24D84}
		{A9534207-47AF-48E2-88D7-4D2842026190} = {07C2787E-EAC7-C090-1BA3-A61EC2A24D84}
		{997FB094-D9D8-462E-B21A-C5ED676C7238} = {07C2787E-EAC7-C090-1BA3-A61EC2A24D84}
		{6AB3CAB3-E672-47F3-8B8E-AB7D8249F495} = {07C2787E-EAC7-C090-1BA3-A61EC2A24D84}
	EndGlobalSection
EndGlobal
