{
  "version": 2,
  "dependencies": {
    "net10.0-windows10.0.26100": {
      "Microsoft.NET.Test.Sdk": {
        "type": "Direct",
        "requested": "[18.10.0, )",
        "resolved": "18.10.0",
        "contentHash": "0CZZ688UBvpQFB9HKo7wrNJNVe+AOM4UtipgwpER3TTM+d2DDM6QyKkIJZTR3mpbn9/zFbZEtAgVIz4SPTjQZQ==",
        "dependencies": {
          "Microsoft.CodeCoverage": "18.10.0",
          "Microsoft.TestPlatform.TestHost": "18.10.0"
        }
      },
      "xunit.runner.visualstudio": {
        "type": "Direct",
        "requested": "[3.1.5, )",
        "resolved": "3.1.5",
        "contentHash": "tKi7dSTwP4m5m9eXPM2Ime4Kn7xNf4x4zT9sdLO/G4hZVnQCRiMTWoSZqI/pYTVeI27oPPqHBKYI/DjJ9GsYgA=="
      },
      "xunit.v3": {
        "type": "Direct",
        "requested": "[3.2.2, )",
        "resolved": "3.2.2",
        "contentHash": "L+4/4y0Uqcg8/d6hfnxhnwh4j9FaeULvefTwrk30rr1o4n/vdPfyUQ8k0yzH8VJx7bmFEkDdcRfbtbjEHlaYcA==",
        "dependencies": {
          "xunit.v3.mtp-v1": "[3.2.2]"
        }
      },
      "Microsoft.AI.DirectML": {
        "type": "Transitive",
        "resolved": "1.15.4",
        "contentHash": "UblWBtQxcXcxwcn+jh0pfbq4zv2b6w7ThJ35qUV9gd8niGofrFWzVqZ6yqYDMiE+IJf8LRpG+H1cZpswceOeiA=="
      },
      "Microsoft.ApplicationInsights": {
        "type": "Transitive",
        "resolved": "2.23.0",
        "contentHash": "nWArUZTdU7iqZLycLKWe0TDms48KKGE6pONH2terYNa8REXiqixrMOkf1sk5DHGMaUTqONU2YkS4SAXBhLStgw=="
      },
      "Microsoft.Bcl.AsyncInterfaces": {
        "type": "Transitive",
        "resolved": "6.0.0",
        "contentHash": "UcSjPsst+DfAdJGVDsu346FX0ci0ah+lw3WRtn18NUwEqRt70HaOQ7lI72vy3+1LxtqI3T5GWwV39rQSrCzAeg=="
      },
      "Microsoft.CodeCoverage": {
        "type": "Transitive",
        "resolved": "18.10.0",
        "contentHash": "zo1hqV+Nz6FlIwdc+aPfrvGzqfKAPPaZ6OPj1W8C0QQE2xH951AZwTUytL3K7XX8brVBUFd7MhrLDl3CtK3U/A=="
      },
      "Microsoft.Data.Sqlite.Core": {
        "type": "Transitive",
        "resolved": "10.0.12",
        "contentHash": "2aL9eL5HQr0V4b8V909SD+jQAx6qnTTl7sT/v3D8dIvmr2UGdpZIQxqm1pj2Js3e4EYTvpw0oMH7DjapJJuPPw==",
        "dependencies": {
          "SQLitePCLRaw.core": "2.1.12"
        }
      },
      "Microsoft.ML.OnnxRuntime.Managed": {
        "type": "Transitive",
        "resolved": "1.24.4",
        "contentHash": "e5jsEo0HcCKDMkuRsMSievKoMv10Odv4MGmxbCin8SEm4Pto1qTpwti47xRwMtk9I/zVvfAiFIWquOq/0+22DA==",
        "dependencies": {
          "System.Numerics.Tensors": "9.0.0"
        }
      },
      "Microsoft.Testing.Extensions.Telemetry": {
        "type": "Transitive",
        "resolved": "1.9.1",
        "contentHash": "No5AudZMmSb+uNXjlgL2y3/stHD2IT4uxqc5yHwkE+/nNux9jbKcaJMvcp9SwgP4DVD8L9/P3OUz8mmmcvEIdQ==",
        "dependencies": {
          "Microsoft.ApplicationInsights": "2.23.0",
          "Microsoft.Testing.Platform": "1.9.1"
        }
      },
      "Microsoft.Testing.Extensions.TrxReport.Abstractions": {
        "type": "Transitive",
        "resolved": "1.9.1",
        "contentHash": "AL46Xe1WBi85Ntd4mNPvat5ZSsZ2uejiVqoKCypr8J3wK0elA5xJ3AN4G/Q4GIwzUFnggZoH/DBjnr9J18IO/g==",
        "dependencies": {
          "Microsoft.Testing.Platform": "1.9.1"
        }
      },
      "Microsoft.Testing.Platform": {
        "type": "Transitive",
        "resolved": "1.9.1",
        "contentHash": "QafNtNSmEI0zazdebnsIkDKmFtTSpmx/5PLOjURWwozcPb3tvRxzosQSL8xwYNM1iPhhKiBksXZyRSE2COisrA=="
      },
      "Microsoft.Testing.Platform.MSBuild": {
        "type": "Transitive",
        "resolved": "1.9.1",
        "contentHash": "oTUtyR4X/s9ytuiNA29FGsNCCH0rNmY5Wdm14NCKLjTM1cT9edVSlA+rGS/mVmusPqcP0l/x9qOnMXg16v87RQ==",
        "dependencies": {
          "Microsoft.Testing.Platform": "1.9.1"
        }
      },
      "Microsoft.TestPlatform.ObjectModel": {
        "type": "Transitive",
        "resolved": "18.10.0",
        "contentHash": "aXA7DDbnt6MYu3eLBEDksNdl09QxJ/PpMzrFcSxqEOk3RvRGJzhKI5mezVCEOcvveRhjfw/mvn6xVXC/rTaOog=="
      },
      "Microsoft.TestPlatform.TestHost": {
        "type": "Transitive",
        "resolved": "18.10.0",
        "contentHash": "Spu6C7bgz1PmWN+Y7wS0PfGCw9Kwv5RvJbCwyQaEWjcwpMire+qYMrcZ7qk8agjy6nd0sdHLc3ugCSrGuSbZdw==",
        "dependencies": {
          "Microsoft.TestPlatform.ObjectModel": "18.10.0"
        }
      },
      "Microsoft.Win32.Registry": {
        "type": "Transitive",
        "resolved": "5.0.0",
        "contentHash": "dDoKi0PnDz31yAyETfRntsLArTlVAVzUzCIvvEDsDsucrl33Dl8pIJG06ePTJTI3tGpeyHS9Cq7Foc/s4EeKcg=="
      },
      "SharpGen.Runtime": {
        "type": "Transitive",
        "resolved": "2.4.2-beta",
        "contentHash": "niTtWAUov1F7wZGAlVeEvW+Tnqvg5yTmhI7rxmYu2Utoyu2TbC9tWWpUpMs0PQg5lu5svoYpCAztNjxCqMFP/w=="
      },
      "SharpGen.Runtime.COM": {
        "type": "Transitive",
        "resolved": "2.4.2-beta",
        "contentHash": "9lxDFMiepqo3lJQzMSjECCIONeCc2f3Drokgj6HtrTLZcJSftNgcLbD6/iXYj2iphkwgrZb1oLsDOZxoFZkawQ==",
        "dependencies": {
          "SharpGen.Runtime": "2.4.2-beta"
        }
      },
      "SQLitePCLRaw.bundle_e_sqlite3": {
        "type": "Transitive",
        "resolved": "2.1.12",
        "contentHash": "mAgscpQMLw5/nfA1Q5oJVAT29yROUo1ifZGbbTpx/lwZpSxMUGoYbKfmvdm8oXER+RzxqBmmQzeBEVKfeHv2nw==",
        "dependencies": {
          "SQLitePCLRaw.lib.e_sqlite3": "2.1.12",
          "SQLitePCLRaw.provider.e_sqlite3": "2.1.12"
        }
      },
      "SQLitePCLRaw.core": {
        "type": "Transitive",
        "resolved": "2.1.12",
        "contentHash": "ETpNw9DY3ckWLgRRAeCHj+GKOuPi61aeczkXhgHexUvqoZBAYg8RYESE2J7O1M7+o6QbdSEZwrw9bfqztUVWXg=="
      },
      "SQLitePCLRaw.lib.e_sqlite3": {
        "type": "Transitive",
        "resolved": "2.1.12",
        "contentHash": "fWi8Dbknuhgg72fWinIdjXVaqO1hHL4YBBwVLnr7e1c9TAZwJ0QE38j9syW1hwx6HaqEVTwI+O07WPdZn8Rp0w=="
      },
      "SQLitePCLRaw.provider.e_sqlite3": {
        "type": "Transitive",
        "resolved": "2.1.12",
        "contentHash": "W3oH4XIfCzFrgUSDKHhN6N+dgzA5YHOR2VxX8GB6Qy7CyrJJgxPEG8NirgYWlPQC5P2jz2knSsexWu4tDUL33g==",
        "dependencies": {
          "SQLitePCLRaw.core": "2.1.12"
        }
      },
      "System.Numerics.Tensors": {
        "type": "Transitive",
        "resolved": "9.0.0",
        "contentHash": "hyJB4UlpAi19Xr9AXzu2NuagKC4lPfHObNMEAA0HmqFz2rX7wKgzeYzO/jM/eBHDhnUGFFEjk5cOoJaxqg5J4A=="
      },
      "Vortice.DirectX": {
        "type": "Transitive",
        "resolved": "3.8.3",
        "contentHash": "nKwSavv0w5rDF7prSefqAVPDcTyqrfZxKFMVfttiXPfm62VdA/1d+b3PhCZpW4xO7jXczXDwjQdWgD1zGsvM8w==",
        "dependencies": {
          "SharpGen.Runtime": "2.4.2-beta",
          "SharpGen.Runtime.COM": "2.4.2-beta",
          "Vortice.Mathematics": "2.1.0"
        }
      },
      "Vortice.DXGI": {
        "type": "Transitive",
        "resolved": "3.8.3",
        "contentHash": "MbAUnTeQ6WD99ctAdrj5CQO2I7oaax0Kt2eVdWSUj0bYP9Ed0726+s7dIHe4+tqhpmINW/dcPt0mNtc72o+E0w==",
        "dependencies": {
          "SharpGen.Runtime": "2.4.2-beta",
          "Vortice.DirectX": "3.8.3"
        }
      },
      "Vortice.Mathematics": {
        "type": "Transitive",
        "resolved": "2.1.0",
        "contentHash": "KK+SjNSuKdP+zbavekubi+vaeb1Jo4k87ZF6CMkVWjr6RjJwc8peVtmgzXXDIMy4ZC3ZISyk3llY3q65ISOkBQ=="
      },
      "xunit.analyzers": {
        "type": "Transitive",
        "resolved": "1.27.0",
        "contentHash": "y/pxIQaLvk/kxAoDkZW9GnHLCEqzwl5TW0vtX3pweyQpjizB9y3DXhb9pkw2dGeUqhLjsxvvJM1k89JowU6z3g=="
      },
      "xunit.v3.assert": {
        "type": "Transitive",
        "resolved": "3.2.2",
        "contentHash": "BPciBghgEEaJN/JG00QfCYDfEfnLgQhfnYEy+j1izoeHVNYd5+3Wm8GJ6JgYysOhpBPYGE+sbf75JtrRc7jrdA=="
      },
      "xunit.v3.common": {
        "type": "Transitive",
        "resolved": "3.2.2",
        "contentHash": "Hj775PEH6GTbbg0wfKRvG2hNspDCvTH9irXhH4qIWgdrOSV1sQlqPie+DOvFeigsFg2fxSM3ZAaaCDQs+KreFA==",
        "dependencies": {
          "Microsoft.Bcl.AsyncInterfaces": "6.0.0"
        }
      },
      "xunit.v3.core.mtp-v1": {
        "type": "Transitive",
        "resolved": "3.2.2",
        "contentHash": "Ga5aA2Ca9ktz+5k3g5ukzwfexwoqwDUpV6z7atSEUvqtd6JuybU1XopHqg1oFd78QdTfZgZE9h5sHpO4qYIi5w==",
        "dependencies": {
          "Microsoft.Testing.Extensions.Telemetry": "1.9.1",
          "Microsoft.Testing.Extensions.TrxReport.Abstractions": "1.9.1",
          "Microsoft.Testing.Platform": "1.9.1",
          "Microsoft.Testing.Platform.MSBuild": "1.9.1",
          "xunit.v3.extensibility.core": "[3.2.2]",
          "xunit.v3.runner.inproc.console": "[3.2.2]"
        }
      },
      "xunit.v3.extensibility.core": {
        "type": "Transitive",
        "resolved": "3.2.2",
        "contentHash": "srY8z/oMPvh/t8axtO2DwrHajhFMH7tnqKildvYrVQIfICi8fOn3yIBWkVPAcrKmHMwvXRJ/XsQM3VMR6DOYfQ==",
        "dependencies": {
          "xunit.v3.common": "[3.2.2]"
        }
      },
      "xunit.v3.mtp-v1": {
        "type": "Transitive",
        "resolved": "3.2.2",
        "contentHash": "O41aAzYKBT5PWqATa1oEWVNCyEUypFQ4va6K0kz37dduV3EKzXNMaV2UnEhufzU4Cce1I33gg0oldS8tGL5I0A==",
        "dependencies": {
          "xunit.analyzers": "1.27.0",
          "xunit.v3.assert": "[3.2.2]",
          "xunit.v3.core.mtp-v1": "[3.2.2]"
        }
      },
      "xunit.v3.runner.common": {
        "type": "Transitive",
        "resolved": "3.2.2",
        "contentHash": "/hkHkQCzGrugelOAehprm7RIWdsUFVmIVaD6jDH/8DNGCymTlKKPTbGokD5czbAfqfex47mBP0sb0zbHYwrO/g==",
        "dependencies": {
          "Microsoft.Win32.Registry": "[5.0.0]",
          "xunit.v3.common": "[3.2.2]"
        }
      },
      "xunit.v3.runner.inproc.console": {
        "type": "Transitive",
        "resolved": "3.2.2",
        "contentHash": "ulWOdSvCk+bPXijJZ73bth9NyoOHsAs1ZOvamYbCkD4DNLX/Bd29Ve2ZNUwBbK0MqfIYWXHZViy/HKrdEC/izw==",
        "dependencies": {
          "xunit.v3.extensibility.core": "[3.2.2]",
          "xunit.v3.runner.common": "[3.2.2]"
        }
      },
      "GoldenTicket": {
        "type": "Project",
        "dependencies": {
          "CommunityToolkit.Mvvm": "[8.4.2, )",
          "GoldenTicket.AI": "[1.0.0, )",
          "GoldenTicket.Application": "[1.0.0, )",
          "GoldenTicket.CompanionHost": "[1.0.0, )",
          "GoldenTicket.Domain": "[1.0.0, )",
          "GoldenTicket.Persistence": "[1.0.0, )",
          "GoldenTicket.Vision": "[1.0.0, )"
        }
      },
      "goldenticket.ai": {
        "type": "Project",
        "dependencies": {
          "GoldenTicket.Domain": "[1.0.0, )"
        }
      },
      "goldenticket.application": {
        "type": "Project",
        "dependencies": {
          "GoldenTicket.Domain": "[1.0.0, )"
        }
      },
      "goldenticket.companionhost": {
        "type": "Project",
        "dependencies": {
          "GoldenTicket.Application": "[1.0.0, )"
        }
      },
      "goldenticket.connectivityspike": {
        "type": "Project"
      },
      "goldenticket.domain": {
        "type": "Project"
      },
      "goldenticket.persistence": {
        "type": "Project",
        "dependencies": {
          "GoldenTicket.Application": "[1.0.0, )",
          "GoldenTicket.Domain": "[1.0.0, )",
          "Microsoft.Data.Sqlite": "[10.0.12, )"
        }
      },
      "goldenticket.simulator": {
        "type": "Project",
        "dependencies": {
          "GoldenTicket.AI": "[1.0.0, )",
          "GoldenTicket.Application": "[1.0.0, )",
          "GoldenTicket.Domain": "[1.0.0, )"
        }
      },
      "goldenticket.vision": {
        "type": "Project",
        "dependencies": {
          "Microsoft.ML.OnnxRuntime.DirectML": "[1.24.4, )",
          "Vortice.D3DCompiler": "[3.8.3, )",
          "Vortice.Direct3D11": "[3.8.3, )"
        }
      },
      "CommunityToolkit.Mvvm": {
        "type": "CentralTransitive",
        "requested": "[8.4.2, )",
        "resolved": "8.4.2",
        "contentHash": "WadCzGEc2U+3e20avRLng4qNtt4zoOGWrdUISqJWrHe3/FSnrYjuM5Sb4yQb09LhkBXrrI4Zt3dLKgRMbItsrg=="
      },
      "Microsoft.Data.Sqlite": {
        "type": "CentralTransitive",
        "requested": "[10.0.12, )",
        "resolved": "10.0.12",
        "contentHash": "xUq9xUc653ue7ac2rMfCaf8UQN+U3zS8poWYlugycpvJllplMM0Mk7v/+MM0CTlu9zGvbGML4BPH8YWhrUOfGw==",
        "dependencies": {
          "Microsoft.Data.Sqlite.Core": "10.0.12",
          "SQLitePCLRaw.bundle_e_sqlite3": "2.1.12",
          "SQLitePCLRaw.core": "2.1.12"
        }
      },
      "Microsoft.ML.OnnxRuntime.DirectML": {
        "type": "CentralTransitive",
        "requested": "[1.24.4, )",
        "resolved": "1.24.4",
        "contentHash": "rXEy9biJdgr55TdDaHrhl35K0FRXRCbvyRUv4S4C3jTxyxrqSh8YcEp5bzw4S9UlcqQKNfpb3sE+VWvO2DZY6A==",
        "dependencies": {
          "Microsoft.AI.DirectML": "1.15.4",
          "Microsoft.ML.OnnxRuntime.Managed": "1.24.4"
        }
      },
      "Vortice.D3DCompiler": {
        "type": "CentralTransitive",
        "requested": "[3.8.3, )",
        "resolved": "3.8.3",
        "contentHash": "OmGPMhf/xnD8/HZ0ms1x7xSFyz+6e6mveCqhu0EioMFQYKJM35/ZVLLo+FIB5KpsrlqhM/jvYHYPAxu45YONGg==",
        "dependencies": {
          "SharpGen.Runtime": "2.4.2-beta",
          "Vortice.DirectX": "3.8.3"
        }
      },
      "Vortice.Direct3D11": {
        "type": "CentralTransitive",
        "requested": "[3.8.3, )",
        "resolved": "3.8.3",
        "contentHash": "JgFUswu2mgrSwcd0KRF2AnfeE5VbMEgcicmxPD1g2yXyomPIHbnX3wldBNHPOzzD0URC1WJ/pO1ymfi3imZwvg==",
        "dependencies": {
          "SharpGen.Runtime": "2.4.2-beta",
          "Vortice.DXGI": "3.8.3"
        }
      }
    }
  }
}